
Microsoft Visual Studio Solution File, Format Version 12.00
# Visual Studio Version 17
VisualStudioVersion = 17.10.35027.167
MinimumVisualStudioVersion = 10.0.40219.1
Project("{FAE04EC0-301F-11D3-BF4B-00C04F79EFBC}") = "WindowsFormsComboBox", "WindowsFormsComboBox\WindowsFormsComboBox.csproj", "{D3101BA3-9E85-4DD2-AE0A-7FE9222B67BD}"
EndProject
Global
	GlobalSection(SolutionConfigurationPlatforms) = preSolution
		Debug|Any CPU = Debug|Any CPU
		Release|Any CPU = Release|Any CPU
	EndGlobalSection
	GlobalSection(ProjectConfigurationPlatforms) = postSolution
		{D3101BA3-9E85-4DD2-AE0A-7FE9222B67BD}.Debug|Any CPU.ActiveCfg = Debug|Any CPU
		{D3101BA3-9E85-4DD2-AE0A-7FE9222B67BD}.Debug|Any CPU.Build.0 = Debug|Any CPU
		{D3101BA3-9E85-4DD2-AE0A-7FE9222B67BD}.Release|Any CPU.ActiveCfg = Release|Any CPU
		{D3101BA3-9E85-4DD2-AE0A-7FE9222B67BD}.Release|Any CPU.Build.0 = Release|Any CPU
	EndGlobalSection
	GlobalSection(SolutionProperties) = preSolution
		HideSolutionNode = FALSE
	EndGlobalSection
	GlobalSection(ExtensibilityGlobals) = postSolution
		SolutionGuid = {82440770-56CD-4FA5-9964-38659D6F3AB5}
	EndGlobalSection
EndGlobal
